
Microsoft Visual Studio Solution File, Format Version 12.00
Project("{FAE04EC0-301F-11D3-BF4B-00C04F79EFBC}") = "RadioFloorController", "RadioFloorController.csproj", "{75DF67E3-A2B4-4A99-AE72-269854AB29CC}"
EndProject
Project("{2150E333-8FDC-42A3-9474-1A3956D46DE8}") = "Solution Items", "Solution Items", "{D884BB84-FC44-4591-BBF1-C2B6F582DD05}"
	ProjectSection(SolutionItems) = preProject
		compose.yaml = compose.yaml
	EndProjectSection
EndProject
Project("{FAE04EC0-301F-11D3-BF4B-00C04F79EFBC}") = "RadioFloorController.Tests", "RadioFloorController.Tests\RadioFloorController.Tests.csproj", "{B2E3AE77-4A61-4863-97E3-7C8E3BC17068}"
EndProject
Global
	GlobalSection(SolutionConfigurationPlatforms) = preSolution
		Debug|Any CPU = Debug|Any CPU
		Debug|x64 = Debug|x64
		Debug|x86 = Debug|x86
		Release|Any CPU = Release|Any CPU
		Release|x64 = Release|x64
		Release|x86 = Release|x86
	EndGlobalSection
	GlobalSection(ProjectConfigurationPlatforms) = postSolution
		{75DF67E3-A2B4-4A99-AE72-269854AB29CC}.Debug|Any CPU.ActiveCfg = Debug|Any CPU
		{75DF67E3-A2B4-4A99-AE72-269854AB29CC}.Debug|Any CPU.Build.0 = Debug|Any CPU
		{75DF67E3-A2B4-4A99-AE72-269854AB29CC}.Debug|x64.ActiveCfg = Debug|Any CPU
		{75DF67E3-A2B4-4A99-AE72-269854AB29CC}.Debug|x64.Build.0 = Debug|Any CPU
		{75DF67E3-A2B4-4A99-AE72-269854AB29CC}.Debug|x86.ActiveCfg = Debug|Any CPU
		{75DF67E3-A2B4-4A99-AE72-269854AB29CC}.Debug|x86.Build.0 = Debug|Any CPU
		{75DF67E3-A2B4-4A99-AE72-269854AB29CC}.Release|Any CPU.ActiveCfg = Release|Any CPU
		{75DF67E3-A2B4-4A99-AE72-269854AB29CC}.Release|Any CPU.Build.0 = Release|Any CPU
		{75DF67E3-A2B4-4A99-AE72-269854AB29CC}.Release|x64.ActiveCfg = Release|Any CPU
		{75DF67E3-A2B4-4A99-AE72-269854AB29CC}.Release|x64.Build.0 = Release|Any CPU
		{75DF67E3-A2B4-4A99-AE72-269854AB29CC}.Release|x86.ActiveCfg = Release|Any CPU
		{75DF67E3-A2B4-4A99-AE72-269854AB29CC}.Release|x86.Build.0 = Release|Any CPU
		{B2E3AE77-4A61-4863-97E3-7C8E3BC17068}.Debug|Any CPU.ActiveCfg = Debug|Any CPU
		{B2E3AE77-4A61-4863-97E3-7C8E3BC17068}.Debug|Any CPU.Build.0 = Debug|Any CPU
		{B2E3AE77-4A61-4863-97E3-7C8E3BC17068}.Debug|x64.ActiveCfg = Debug|Any CPU
		{B2E3AE77-4A61-4863-97E3-7C8E3BC17068}.Debug|x64.Build.0 = Debug|Any CPU
		{B2E3AE77-4A61-4863-97E3-7C8E3BC17068}.Debug|x86.ActiveCfg = Debug|Any CPU
		{B2E3AE77-4A61-4863-97E3-7C8E3BC17068}.Debug|x86.Build.0 = Debug|Any CPU
		{B2E3AE77-4A61-4863-97E3-7C8E3BC17068}.Release|Any CPU.ActiveCfg = Release|Any CPU
		{B2E3AE77-4A61-4863-97E3-7C8E3BC17068}.Release|Any CPU.Build.0 = Release|Any CPU
		{B2E3AE77-4A61-4863-97E3-7C8E3BC17068}.Release|x64.ActiveCfg = Release|Any CPU
		{B2E3AE77-4A61-4863-97E3-7C8E3BC17068}.Release|x64.Build.0 = Release|Any CPU
		{B2E3AE77-4A61-4863-97E3-7C8E3BC17068}.Release|x86.ActiveCfg = Release|Any CPU
		{B2E3AE77-4A61-4863-97E3-7C8E3BC17068}.Release|x86.Build.0 = Release|Any CPU
	EndGlobalSection
	GlobalSection(SolutionProperties) = preSolution
		HideSolutionNode = FALSE
	EndGlobalSection
EndGlobal
